
Microsoft Visual Studio Solution File, Format Version 12.00
# Visual Studio 15
VisualStudioVersion = 15.0.28307.852
MinimumVisualStudioVersion = 10.0.40219.1
Project("{FAE04EC0-301F-11D3-BF4B-00C04F79EFBC}") = "SafeJAOfficial", "SafeJAOfficial\SafeJAOfficial.csproj", "{C6690B87-79FA-4F31-9DF0-A946DFE66E1A}"
EndProject
Global
	GlobalSection(SolutionConfigurationPlatforms) = preSolution
		Debug|Any CPU = Debug|Any CPU
		Release|Any CPU = Release|Any CPU
	EndGlobalSection
	GlobalSection(ProjectConfigurationPlatforms) = postSolution
		{C6690B87-79FA-4F31-9DF0-A946DFE66E1A}.Debug|Any CPU.ActiveCfg = Debug|Any CPU
		{C6690B87-79FA-4F31-9DF0-A946DFE66E1A}.Debug|Any CPU.Build.0 = Debug|Any CPU
		{C6690B87-79FA-4F31-9DF0-A946DFE66E1A}.Release|Any CPU.ActiveCfg = Release|Any CPU
		{C6690B87-79FA-4F31-9DF0-A946DFE66E1A}.Release|Any CPU.Build.0 = Release|Any CPU
	EndGlobalSection
	GlobalSection(SolutionProperties) = preSolution
		HideSolutionNode = FALSE
	EndGlobalSection
	GlobalSection(ExtensibilityGlobals) = postSolution
		SolutionGuid = {F1BF182E-52C3-4358-BEFE-C80F4F9C8DD0}
	EndGlobalSection
EndGlobal
